
Microsoft Visual Studio Solution File, Format Version 12.00
# Visual Studio 15
VisualStudioVersion = 15.0.26730.16
MinimumVisualStudioVersion = 10.0.40219.1
Project("{FAE04EC0-301F-11D3-BF4B-00C04F79EFBC}") = "HtmlTest", "HtmlTest\HtmlTest.csproj", "{69ECDC4E-467A-4D3B-A66E-FC029737EACF}"
EndProject
Global
	GlobalSection(SolutionConfigurationPlatforms) = preSolution
		Debug|Any CPU = Debug|Any CPU
		Release|Any CPU = Release|Any CPU
	EndGlobalSection
	GlobalSection(ProjectConfigurationPlatforms) = postSolution
		{69ECDC4E-467A-4D3B-A66E-FC029737EACF}.Debug|Any CPU.ActiveCfg = Debug|Any CPU
		{69ECDC4E-467A-4D3B-A66E-FC029737EACF}.Debug|Any CPU.Build.0 = Debug|Any CPU
		{69ECDC4E-467A-4D3B-A66E-FC029737EACF}.Release|Any CPU.ActiveCfg = Release|Any CPU
		{69ECDC4E-467A-4D3B-A66E-FC029737EACF}.Release|Any CPU.Build.0 = Release|Any CPU
	EndGlobalSection
	GlobalSection(SolutionProperties) = preSolution
		HideSolutionNode = FALSE
	EndGlobalSection
	GlobalSection(ExtensibilityGlobals) = postSolution
		SolutionGuid = {017BC70C-4039-4DFA-8857-8FF491EAAE13}
	EndGlobalSection
EndGlobal
